
Microsoft Visual Studio Solution File, Format Version 12.00
# Visual Studio Version 16
VisualStudioVersion = 16.0.31005.135
MinimumVisualStudioVersion = 10.0.40219.1
Project("{9A19103F-16F7-4668-BE54-9A1E7A4F7556}") = "ZCC.MicroService.Web", "ZCC.MicroService.Web\ZCC.MicroService.Web.csproj", "{2ADD2A85-2725-4479-8EF1-87128B0428B7}"
EndProject
Project("{9A19103F-16F7-4668-BE54-9A1E7A4F7556}") = "ZCC.MicroService.Order", "ZCC.MicroService.Order\ZCC.MicroService.Order.csproj", "{53CCE779-EE77-414D-B63A-8E97E40744BA}"
EndProject
Project("{2150E333-8FDC-42A3-9474-1A3956D46DE8}") = "05-WebHost", "05-WebHost", "{C6D34419-BE0B-46B9-85B3-C84382BB0F04}"
EndProject
Project("{2150E333-8FDC-42A3-9474-1A3956D46DE8}") = "01-Common", "01-Common", "{19B6D3BA-27A0-4FE9-9B75-23948132D582}"
EndProject
Project("{2150E333-8FDC-42A3-9474-1A3956D46DE8}") = "02-Entity", "02-Entity", "{C2CD5F0F-5B33-4FA1-BBEE-5E195A18A2CB}"
EndProject
Project("{2150E333-8FDC-42A3-9474-1A3956D46DE8}") = "03-Repository", "03-Repository", "{93EACADF-6EB6-4206-894E-58420B16EE6C}"
EndProject
Project("{2150E333-8FDC-42A3-9474-1A3956D46DE8}") = "04-Service", "04-Service", "{4FAB97DC-C6AE-4811-8303-8DD503B303D9}"
EndProject
Project("{9A19103F-16F7-4668-BE54-9A1E7A4F7556}") = "Order.MicroService.Common", "Order.MicroService.Common\Order.MicroService.Common.csproj", "{64882E42-7B34-4C97-9378-BAC786C35EFA}"
EndProject
Project("{9A19103F-16F7-4668-BE54-9A1E7A4F7556}") = "Order.MicroService.Models", "MicroService.Models\Order.MicroService.Models.csproj", "{4BCFE088-B3C9-434E-8766-5A5B0CDB3D75}"
EndProject
Project("{9A19103F-16F7-4668-BE54-9A1E7A4F7556}") = "Order.MicroService.Repository", "Order.MicroService.Repository\Order.MicroService.Repository.csproj", "{8B5E53A5-71FB-49EA-805C-FBBA1DB525EB}"
EndProject
Project("{9A19103F-16F7-4668-BE54-9A1E7A4F7556}") = "Order.MicroService.IService", "Order.MicroService.IService\Order.MicroService.IService.csproj", "{EE27B702-F967-47BB-8B02-D7217E4C60DE}"
EndProject
Project("{9A19103F-16F7-4668-BE54-9A1E7A4F7556}") = "Order.MicroService.Service", "Order.MicroService.Service\Order.MicroService.Service.csproj", "{94AC0240-6602-4743-8F8A-D0923D54514B}"
EndProject
Project("{9A19103F-16F7-4668-BE54-9A1E7A4F7556}") = "ZCC.MicroService.Storage", "ZCC.MicroService.Storage\ZCC.MicroService.Storage.csproj", "{B4792948-F0A2-462D-9785-9115D5383530}"
EndProject
Project("{9A19103F-16F7-4668-BE54-9A1E7A4F7556}") = "Storage.MicroService.Models", "Storage.MicroService.Models\Storage.MicroService.Models.csproj", "{ED699E12-F69C-4E7D-B7BA-A90B0489480C}"
EndProject
Project("{9A19103F-16F7-4668-BE54-9A1E7A4F7556}") = "Storage.MicroService.Repository", "Storage.MicroService.Repository\Storage.MicroService.Repository.csproj", "{22F9A238-35E6-457D-85B0-143C20C9CB2C}"
EndProject
Project("{9A19103F-16F7-4668-BE54-9A1E7A4F7556}") = "Storage.MicroService.Common", "Storage.MicroService.Common\Storage.MicroService.Common.csproj", "{6E46B183-9089-40E2-83AF-4149F8FB94A3}"
EndProject
Project("{9A19103F-16F7-4668-BE54-9A1E7A4F7556}") = "Storage.MicroService.Service", "Storage.MicroService.Service\Storage.MicroService.Service.csproj", "{00331168-9697-43F5-8AC0-D3530D56AE60}"
EndProject
Project("{9A19103F-16F7-4668-BE54-9A1E7A4F7556}") = "Storage.MicroService.IService", "Storage.MicroService.IService\Storage.MicroService.IService.csproj", "{2B36F0A0-822F-40C4-8AE8-ACEC54587F59}"
EndProject
Project("{9A19103F-16F7-4668-BE54-9A1E7A4F7556}") = "ZCC.MicroService.Account", "ZCC.MicroService.Account\ZCC.MicroService.Account.csproj", "{2E8C87D5-DE77-4B59-A73C-4E1D0A67AC94}"
EndProject
Project("{9A19103F-16F7-4668-BE54-9A1E7A4F7556}") = "Account.MicroService.Models", "Account.MicroService.Models\Account.MicroService.Models.csproj", "{A643CDE8-6A36-4F37-9381-958FF1D5C211}"
EndProject
Project("{9A19103F-16F7-4668-BE54-9A1E7A4F7556}") = "Account.MicroService.Repository", "Account.MicroService.Repository\Account.MicroService.Repository.csproj", "{04E68905-B591-4FAC-8A49-F5B90117C60F}"
EndProject
Project("{9A19103F-16F7-4668-BE54-9A1E7A4F7556}") = "Account.MicroService.Common", "Account.MicroService.Common\Account.MicroService.Common.csproj", "{F856648D-512A-49E0-BE03-2C3F10BC44AB}"
EndProject
Project("{9A19103F-16F7-4668-BE54-9A1E7A4F7556}") = "Account.MicroService.Service", "Account.MicroService.Service\Account.MicroService.Service.csproj", "{4BE4122E-E13A-425D-ADEA-603EC538A94A}"
EndProject
Project("{9A19103F-16F7-4668-BE54-9A1E7A4F7556}") = "Acount.MicroService.IService", "Acount.MicroService.IService\Acount.MicroService.IService.csproj", "{95C948E8-7524-4024-B6B0-5C9E4E6FF0AC}"
EndProject
Project("{9A19103F-16F7-4668-BE54-9A1E7A4F7556}") = "ZCC.MicroService.Gateway", "ZCC.MicroService.Gateway\ZCC.MicroService.Gateway.csproj", "{A152DCFD-2385-4E17-AC36-BB88DA2C492B}"
EndProject
Project("{2150E333-8FDC-42A3-9474-1A3956D46DE8}") = "09-Test", "09-Test", "{312D323E-4655-42E0-8B90-5FE98AD7A996}"
EndProject
Project("{9A19103F-16F7-4668-BE54-9A1E7A4F7556}") = "ServiceTest", "ServiceTest\ServiceTest.csproj", "{D2145AC7-7ED5-430A-96F3-7F0FB9A87C3E}"
EndProject
Project("{9A19103F-16F7-4668-BE54-9A1E7A4F7556}") = "Client", "Client\Client.csproj", "{02DFE17C-14FB-48F2-B753-40435512D98E}"
EndProject
Project("{9A19103F-16F7-4668-BE54-9A1E7A4F7556}") = "ZCC.MicroService.Identity4", "ZCC.MicroService.Identity4\ZCC.MicroService.Identity4.csproj", "{1CBEAB9F-6472-4CE4-8D50-3A9A213DEACF}"
EndProject
Project("{FAE04EC0-301F-11D3-BF4B-00C04F79EFBC}") = "APM.Dashboard", "HttpReports.Dashboard\APM.Dashboard.csproj", "{296B62D4-9367-4EBC-B2AA-7C9471D0D32D}"
EndProject
Global
	GlobalSection(SolutionConfigurationPlatforms) = preSolution
		Debug|Any CPU = Debug|Any CPU
		Release|Any CPU = Release|Any CPU
	EndGlobalSection
	GlobalSection(ProjectConfigurationPlatforms) = postSolution
		{2ADD2A85-2725-4479-8EF1-87128B0428B7}.Debug|Any CPU.ActiveCfg = Debug|Any CPU
		{2ADD2A85-2725-4479-8EF1-87128B0428B7}.Debug|Any CPU.Build.0 = Debug|Any CPU
		{2ADD2A85-2725-4479-8EF1-87128B0428B7}.Release|Any CPU.ActiveCfg = Release|Any CPU
		{2ADD2A85-2725-4479-8EF1-87128B0428B7}.Release|Any CPU.Build.0 = Release|Any CPU
		{53CCE779-EE77-414D-B63A-8E97E40744BA}.Debug|Any CPU.ActiveCfg = Debug|Any CPU
		{53CCE779-EE77-414D-B63A-8E97E40744BA}.Debug|Any CPU.Build.0 = Debug|Any CPU
		{53CCE779-EE77-414D-B63A-8E97E40744BA}.Release|Any CPU.ActiveCfg = Release|Any CPU
		{53CCE779-EE77-414D-B63A-8E97E40744BA}.Release|Any CPU.Build.0 = Release|Any CPU
		{64882E42-7B34-4C97-9378-BAC786C35EFA}.Debug|Any CPU.ActiveCfg = Debug|Any CPU
		{64882E42-7B34-4C97-9378-BAC786C35EFA}.Debug|Any CPU.Build.0 = Debug|Any CPU
		{64882E42-7B34-4C97-9378-BAC786C35EFA}.Release|Any CPU.ActiveCfg = Release|Any CPU
		{64882E42-7B34-4C97-9378-BAC786C35EFA}.Release|Any CPU.Build.0 = Release|Any CPU
		{4BCFE088-B3C9-434E-8766-5A5B0CDB3D75}.Debug|Any CPU.ActiveCfg = Debug|Any CPU
		{4BCFE088-B3C9-434E-8766-5A5B0CDB3D75}.Debug|Any CPU.Build.0 = Debug|Any CPU
		{4BCFE088-B3C9-434E-8766-5A5B0CDB3D75}.Release|Any CPU.ActiveCfg = Release|Any CPU
		{4BCFE088-B3C9-434E-8766-5A5B0CDB3D75}.Release|Any CPU.Build.0 = Release|Any CPU
		{8B5E53A5-71FB-49EA-805C-FBBA1DB525EB}.Debug|Any CPU.ActiveCfg = Debug|Any CPU
		{8B5E53A5-71FB-49EA-805C-FBBA1DB525EB}.Debug|Any CPU.Build.0 = Debug|Any CPU
		{8B5E53A5-71FB-49EA-805C-FBBA1DB525EB}.Release|Any CPU.ActiveCfg = Release|Any CPU
		{8B5E53A5-71FB-49EA-805C-FBBA1DB525EB}.Release|Any CPU.Build.0 = Release|Any CPU
		{EE27B702-F967-47BB-8B02-D7217E4C60DE}.Debug|Any CPU.ActiveCfg = Debug|Any CPU
		{EE27B702-F967-47BB-8B02-D7217E4C60DE}.Debug|Any CPU.Build.0 = Debug|Any CPU
		{EE27B702-F967-47BB-8B02-D7217E4C60DE}.Release|Any CPU.ActiveCfg = Release|Any CPU
		{EE27B702-F967-47BB-8B02-D7217E4C60DE}.Release|Any CPU.Build.0 = Release|Any CPU
		{94AC0240-6602-4743-8F8A-D0923D54514B}.Debug|Any CPU.ActiveCfg = Debug|Any CPU
		{94AC0240-6602-4743-8F8A-D0923D54514B}.Debug|Any CPU.Build.0 = Debug|Any CPU
		{94AC0240-6602-4743-8F8A-D0923D54514B}.Release|Any CPU.ActiveCfg = Release|Any CPU
		{94AC0240-6602-4743-8F8A-D0923D54514B}.Release|Any CPU.Build.0 = Release|Any CPU
		{B4792948-F0A2-462D-9785-9115D5383530}.Debug|Any CPU.ActiveCfg = Debug|Any CPU
		{B4792948-F0A2-462D-9785-9115D5383530}.Debug|Any CPU.Build.0 = Debug|Any CPU
		{B4792948-F0A2-462D-9785-9115D5383530}.Release|Any CPU.ActiveCfg = Release|Any CPU
		{B4792948-F0A2-462D-9785-9115D5383530}.Release|Any CPU.Build.0 = Release|Any CPU
		{ED699E12-F69C-4E7D-B7BA-A90B0489480C}.Debug|Any CPU.ActiveCfg = Debug|Any CPU
		{ED699E12-F69C-4E7D-B7BA-A90B0489480C}.Debug|Any CPU.Build.0 = Debug|Any CPU
		{ED699E12-F69C-4E7D-B7BA-A90B0489480C}.Release|Any CPU.ActiveCfg = Release|Any CPU
		{ED699E12-F69C-4E7D-B7BA-A90B0489480C}.Release|Any CPU.Build.0 = Release|Any CPU
		{22F9A238-35E6-457D-85B0-143C20C9CB2C}.Debug|Any CPU.ActiveCfg = Debug|Any CPU
		{22F9A238-35E6-457D-85B0-143C20C9CB2C}.Debug|Any CPU.Build.0 = Debug|Any CPU
		{22F9A238-35E6-457D-85B0-143C20C9CB2C}.Release|Any CPU.ActiveCfg = Release|Any CPU
		{22F9A238-35E6-457D-85B0-143C20C9CB2C}.Release|Any CPU.Build.0 = Release|Any CPU
		{6E46B183-9089-40E2-83AF-4149F8FB94A3}.Debug|Any CPU.ActiveCfg = Debug|Any CPU
		{6E46B183-9089-40E2-83AF-4149F8FB94A3}.Debug|Any CPU.Build.0 = Debug|Any CPU
		{6E46B183-9089-40E2-83AF-4149F8FB94A3}.Release|Any CPU.ActiveCfg = Release|Any CPU
		{6E46B183-9089-40E2-83AF-4149F8FB94A3}.Release|Any CPU.Build.0 = Release|Any CPU
		{00331168-9697-43F5-8AC0-D3530D56AE60}.Debug|Any CPU.ActiveCfg = Debug|Any CPU
		{00331168-9697-43F5-8AC0-D3530D56AE60}.Debug|Any CPU.Build.0 = Debug|Any CPU
		{00331168-9697-43F5-8AC0-D3530D56AE60}.Release|Any CPU.ActiveCfg = Release|Any CPU
		{00331168-9697-43F5-8AC0-D3530D56AE60}.Release|Any CPU.Build.0 = Release|Any CPU
		{2B36F0A0-822F-40C4-8AE8-ACEC54587F59}.Debug|Any CPU.ActiveCfg = Debug|Any CPU
		{2B36F0A0-822F-40C4-8AE8-ACEC54587F59}.Debug|Any CPU.Build.0 = Debug|Any CPU
		{2B36F0A0-822F-40C4-8AE8-ACEC54587F59}.Release|Any CPU.ActiveCfg = Release|Any CPU
		{2B36F0A0-822F-40C4-8AE8-ACEC54587F59}.Release|Any CPU.Build.0 = Release|Any CPU
		{2E8C87D5-DE77-4B59-A73C-4E1D0A67AC94}.Debug|Any CPU.ActiveCfg = Debug|Any CPU
		{2E8C87D5-DE77-4B59-A73C-4E1D0A67AC94}.Debug|Any CPU.Build.0 = Debug|Any CPU
		{2E8C87D5-DE77-4B59-A73C-4E1D0A67AC94}.Release|Any CPU.ActiveCfg = Release|Any CPU
		{2E8C87D5-DE77-4B59-A73C-4E1D0A67AC94}.Release|Any CPU.Build.0 = Release|Any CPU
		{A643CDE8-6A36-4F37-9381-958FF1D5C211}.Debug|Any CPU.ActiveCfg = Debug|Any CPU
		{A643CDE8-6A36-4F37-9381-958FF1D5C211}.Debug|Any CPU.Build.0 = Debug|Any CPU
		{A643CDE8-6A36-4F37-9381-958FF1D5C211}.Release|Any CPU.ActiveCfg = Release|Any CPU
		{A643CDE8-6A36-4F37-9381-958FF1D5C211}.Release|Any CPU.Build.0 = Release|Any CPU
		{04E68905-B591-4FAC-8A49-F5B90117C60F}.Debug|Any CPU.ActiveCfg = Debug|Any CPU
		{04E68905-B591-4FAC-8A49-F5B90117C60F}.Debug|Any CPU.Build.0 = Debug|Any CPU
		{04E68905-B591-4FAC-8A49-F5B90117C60F}.Release|Any CPU.ActiveCfg = Release|Any CPU
		{04E68905-B591-4FAC-8A49-F5B90117C60F}.Release|Any CPU.Build.0 = Release|Any CPU
		{F856648D-512A-49E0-BE03-2C3F10BC44AB}.Debug|Any CPU.ActiveCfg = Debug|Any CPU
		{F856648D-512A-49E0-BE03-2C3F10BC44AB}.Debug|Any CPU.Build.0 = Debug|Any CPU
		{F856648D-512A-49E0-BE03-2C3F10BC44AB}.Release|Any CPU.ActiveCfg = Release|Any CPU
		{F856648D-512A-49E0-BE03-2C3F10BC44AB}.Release|Any CPU.Build.0 = Release|Any CPU
		{4BE4122E-E13A-425D-ADEA-603EC538A94A}.Debug|Any CPU.ActiveCfg = Debug|Any CPU
		{4BE4122E-E13A-425D-ADEA-603EC538A94A}.Debug|Any CPU.Build.0 = Debug|Any CPU
		{4BE4122E-E13A-425D-ADEA-603EC538A94A}.Release|Any CPU.ActiveCfg = Release|Any CPU
		{4BE4122E-E13A-425D-ADEA-603EC538A94A}.Release|Any CPU.Build.0 = Release|Any CPU
		{95C948E8-7524-4024-B6B0-5C9E4E6FF0AC}.Debug|Any CPU.ActiveCfg = Debug|Any CPU
		{95C948E8-7524-4024-B6B0-5C9E4E6FF0AC}.Debug|Any CPU.Build.0 = Debug|Any CPU
		{95C948E8-7524-4024-B6B0-5C9E4E6FF0AC}.Release|Any CPU.ActiveCfg = Release|Any CPU
		{95C948E8-7524-4024-B6B0-5C9E4E6FF0AC}.Release|Any CPU.Build.0 = Release|Any CPU
		{A152DCFD-2385-4E17-AC36-BB88DA2C492B}.Debug|Any CPU.ActiveCfg = Debug|Any CPU
		{A152DCFD-2385-4E17-AC36-BB88DA2C492B}.Debug|Any CPU.Build.0 = Debug|Any CPU
		{A152DCFD-2385-4E17-AC36-BB88DA2C492B}.Release|Any CPU.ActiveCfg = Release|Any CPU
		{A152DCFD-2385-4E17-AC36-BB88DA2C492B}.Release|Any CPU.Build.0 = Release|Any CPU
		{D2145AC7-7ED5-430A-96F3-7F0FB9A87C3E}.Debug|Any CPU.ActiveCfg = Debug|Any CPU
		{D2145AC7-7ED5-430A-96F3-7F0FB9A87C3E}.Debug|Any CPU.Build.0 = Debug|Any CPU
		{D2145AC7-7ED5-430A-96F3-7F0FB9A87C3E}.Release|Any CPU.ActiveCfg = Release|Any CPU
		{D2145AC7-7ED5-430A-96F3-7F0FB9A87C3E}.Release|Any CPU.Build.0 = Release|Any CPU
		{02DFE17C-14FB-48F2-B753-40435512D98E}.Debug|Any CPU.ActiveCfg = Debug|Any CPU
		{02DFE17C-14FB-48F2-B753-40435512D98E}.Debug|Any CPU.Build.0 = Debug|Any CPU
		{02DFE17C-14FB-48F2-B753-40435512D98E}.Release|Any CPU.ActiveCfg = Release|Any CPU
		{02DFE17C-14FB-48F2-B753-40435512D98E}.Release|Any CPU.Build.0 = Release|Any CPU
		{1CBEAB9F-6472-4CE4-8D50-3A9A213DEACF}.Debug|Any CPU.ActiveCfg = Debug|Any CPU
		{1CBEAB9F-6472-4CE4-8D50-3A9A213DEACF}.Debug|Any CPU.Build.0 = Debug|Any CPU
		{1CBEAB9F-6472-4CE4-8D50-3A9A213DEACF}.Release|Any CPU.ActiveCfg = Release|Any CPU
		{1CBEAB9F-6472-4CE4-8D50-3A9A213DEACF}.Release|Any CPU.Build.0 = Release|Any CPU
		{296B62D4-9367-4EBC-B2AA-7C9471D0D32D}.Debug|Any CPU.ActiveCfg = Debug|Any CPU
		{296B62D4-9367-4EBC-B2AA-7C9471D0D32D}.Debug|Any CPU.Build.0 = Debug|Any CPU
		{296B62D4-9367-4EBC-B2AA-7C9471D0D32D}.Release|Any CPU.ActiveCfg = Release|Any CPU
		{296B62D4-9367-4EBC-B2AA-7C9471D0D32D}.Release|Any CPU.Build.0 = Release|Any CPU
	EndGlobalSection
	GlobalSection(SolutionProperties) = preSolution
		HideSolutionNode = FALSE
	EndGlobalSection
	GlobalSection(NestedProjects) = preSolution
		{2ADD2A85-2725-4479-8EF1-87128B0428B7} = {C6D34419-BE0B-46B9-85B3-C84382BB0F04}
		{53CCE779-EE77-414D-B63A-8E97E40744BA} = {C6D34419-BE0B-46B9-85B3-C84382BB0F04}
		{64882E42-7B34-4C97-9378-BAC786C35EFA} = {19B6D3BA-27A0-4FE9-9B75-23948132D582}
		{4BCFE088-B3C9-434E-8766-5A5B0CDB3D75} = {C2CD5F0F-5B33-4FA1-BBEE-5E195A18A2CB}
		{8B5E53A5-71FB-49EA-805C-FBBA1DB525EB} = {93EACADF-6EB6-4206-894E-58420B16EE6C}
		{EE27B702-F967-47BB-8B02-D7217E4C60DE} = {4FAB97DC-C6AE-4811-8303-8DD503B303D9}
		{94AC0240-6602-4743-8F8A-D0923D54514B} = {4FAB97DC-C6AE-4811-8303-8DD503B303D9}
		{B4792948-F0A2-462D-9785-9115D5383530} = {C6D34419-BE0B-46B9-85B3-C84382BB0F04}
		{ED699E12-F69C-4E7D-B7BA-A90B0489480C} = {C2CD5F0F-5B33-4FA1-BBEE-5E195A18A2CB}
		{22F9A238-35E6-457D-85B0-143C20C9CB2C} = {93EACADF-6EB6-4206-894E-58420B16EE6C}
		{6E46B183-9089-40E2-83AF-4149F8FB94A3} = {19B6D3BA-27A0-4FE9-9B75-23948132D582}
		{00331168-9697-43F5-8AC0-D3530D56AE60} = {4FAB97DC-C6AE-4811-8303-8DD503B303D9}
		{2B36F0A0-822F-40C4-8AE8-ACEC54587F59} = {4FAB97DC-C6AE-4811-8303-8DD503B303D9}
		{2E8C87D5-DE77-4B59-A73C-4E1D0A67AC94} = {C6D34419-BE0B-46B9-85B3-C84382BB0F04}
		{A643CDE8-6A36-4F37-9381-958FF1D5C211} = {C2CD5F0F-5B33-4FA1-BBEE-5E195A18A2CB}
		{04E68905-B591-4FAC-8A49-F5B90117C60F} = {93EACADF-6EB6-4206-894E-58420B16EE6C}
		{F856648D-512A-49E0-BE03-2C3F10BC44AB} = {19B6D3BA-27A0-4FE9-9B75-23948132D582}
		{4BE4122E-E13A-425D-ADEA-603EC538A94A} = {4FAB97DC-C6AE-4811-8303-8DD503B303D9}
		{95C948E8-7524-4024-B6B0-5C9E4E6FF0AC} = {4FAB97DC-C6AE-4811-8303-8DD503B303D9}
		{A152DCFD-2385-4E17-AC36-BB88DA2C492B} = {C6D34419-BE0B-46B9-85B3-C84382BB0F04}
		{D2145AC7-7ED5-430A-96F3-7F0FB9A87C3E} = {312D323E-4655-42E0-8B90-5FE98AD7A996}
		{02DFE17C-14FB-48F2-B753-40435512D98E} = {312D323E-4655-42E0-8B90-5FE98AD7A996}
		{1CBEAB9F-6472-4CE4-8D50-3A9A213DEACF} = {C6D34419-BE0B-46B9-85B3-C84382BB0F04}
		{296B62D4-9367-4EBC-B2AA-7C9471D0D32D} = {C6D34419-BE0B-46B9-85B3-C84382BB0F04}
	EndGlobalSection
	GlobalSection(ExtensibilityGlobals) = postSolution
		SolutionGuid = {F165CAB9-71B0-4FBA-AEFA-68657434A514}
	EndGlobalSection
EndGlobal
